
Microsoft Visual Studio Solution File, Format Version 12.00
# Visual Studio Version 17
VisualStudioVersion = 17.3.32922.545
MinimumVisualStudioVersion = 10.0.40219.1
Project("{9A19103F-16F7-4668-BE54-9A1E7A4F7556}") = "WebStore", "WebStore\WebStore.csproj", "{B44428FE-21E8-4756-AF84-AB66BAABF732}"
EndProject
Project("{9A19103F-16F7-4668-BE54-9A1E7A4F7556}") = "WebStore.Domain", "WebStore.Domain\WebStore.Domain.csproj", "{2463BD0C-C99E-44BC-873A-5AB8FD3F80BB}"
EndProject
Project("{9A19103F-16F7-4668-BE54-9A1E7A4F7556}") = "WebStore.DAL", "WebStore.DAL\WebStore.DAL.csproj", "{BD6AF52F-4630-4F85-B8FA-00827BF8F3AA}"
EndProject
Global
	GlobalSection(SolutionConfigurationPlatforms) = preSolution
		Debug|Any CPU = Debug|Any CPU
		Release|Any CPU = Release|Any CPU
	EndGlobalSection
	GlobalSection(ProjectConfigurationPlatforms) = postSolution
		{B44428FE-21E8-4756-AF84-AB66BAABF732}.Debug|Any CPU.ActiveCfg = Debug|Any CPU
		{B44428FE-21E8-4756-AF84-AB66BAABF732}.Debug|Any CPU.Build.0 = Debug|Any CPU
		{B44428FE-21E8-4756-AF84-AB66BAABF732}.Release|Any CPU.ActiveCfg = Release|Any CPU
		{B44428FE-21E8-4756-AF84-AB66BAABF732}.Release|Any CPU.Build.0 = Release|Any CPU
		{2463BD0C-C99E-44BC-873A-5AB8FD3F80BB}.Debug|Any CPU.ActiveCfg = Debug|Any CPU
		{2463BD0C-C99E-44BC-873A-5AB8FD3F80BB}.Debug|Any CPU.Build.0 = Debug|Any CPU
		{2463BD0C-C99E-44BC-873A-5AB8FD3F80BB}.Release|Any CPU.ActiveCfg = Release|Any CPU
		{2463BD0C-C99E-44BC-873A-5AB8FD3F80BB}.Release|Any CPU.Build.0 = Release|Any CPU
		{BD6AF52F-4630-4F85-B8FA-00827BF8F3AA}.Debug|Any CPU.ActiveCfg = Debug|Any CPU
		{BD6AF52F-4630-4F85-B8FA-00827BF8F3AA}.Debug|Any CPU.Build.0 = Debug|Any CPU
		{BD6AF52F-4630-4F85-B8FA-00827BF8F3AA}.Release|Any CPU.ActiveCfg = Release|Any CPU
		{BD6AF52F-4630-4F85-B8FA-00827BF8F3AA}.Release|Any CPU.Build.0 = Release|Any CPU
	EndGlobalSection
	GlobalSection(SolutionProperties) = preSolution
		HideSolutionNode = FALSE
	EndGlobalSection
	GlobalSection(ExtensibilityGlobals) = postSolution
		SolutionGuid = {BAA36E1D-548D-4F94-84B7-1E7628655133}
	EndGlobalSection
EndGlobal
