
Microsoft Visual Studio Solution File, Format Version 12.00
# Visual Studio Version 17
VisualStudioVersion = 17.3.32922.545
MinimumVisualStudioVersion = 10.0.40219.1
Project("{FAE04EC0-301F-11D3-BF4B-00C04F79EFBC}") = "WebStore", "WebStore\WebStore.csproj", "{B44428FE-21E8-4756-AF84-AB66BAABF732}"
EndProject
Global
	GlobalSection(SolutionConfigurationPlatforms) = preSolution
		Debug|Any CPU = Debug|Any CPU
		Release|Any CPU = Release|Any CPU
	EndGlobalSection
	GlobalSection(ProjectConfigurationPlatforms) = postSolution
		{B44428FE-21E8-4756-AF84-AB66BAABF732}.Debug|Any CPU.ActiveCfg = Debug|Any CPU
		{B44428FE-21E8-4756-AF84-AB66BAABF732}.Debug|Any CPU.Build.0 = Debug|Any CPU
		{B44428FE-21E8-4756-AF84-AB66BAABF732}.Release|Any CPU.ActiveCfg = Release|Any CPU
		{B44428FE-21E8-4756-AF84-AB66BAABF732}.Release|Any CPU.Build.0 = Release|Any CPU
	EndGlobalSection
	GlobalSection(SolutionProperties) = preSolution
		HideSolutionNode = FALSE
	EndGlobalSection
	GlobalSection(ExtensibilityGlobals) = postSolution
		SolutionGuid = {BAA36E1D-548D-4F94-84B7-1E7628655133}
	EndGlobalSection
EndGlobal
